
Microsoft Visual Studio Solution File, Format Version 12.00
# Visual Studio Version 16
VisualStudioVersion = 16.0.31702.278
MinimumVisualStudioVersion = 10.0.40219.1
Project("{FAE04EC0-301F-11D3-BF4B-00C04F79EFBC}") = "Composite", "Composite.csproj", "{F5C63E8C-7EB7-43AC-A6B1-8CD18AC85769}"
EndProject
Global
	GlobalSection(SolutionConfigurationPlatforms) = preSolution
		Debug|Any CPU = Debug|Any CPU
		Release|Any CPU = Release|Any CPU
	EndGlobalSection
	GlobalSection(ProjectConfigurationPlatforms) = postSolution
		{F5C63E8C-7EB7-43AC-A6B1-8CD18AC85769}.Debug|Any CPU.ActiveCfg = Debug|Any CPU
		{F5C63E8C-7EB7-43AC-A6B1-8CD18AC85769}.Debug|Any CPU.Build.0 = Debug|Any CPU
		{F5C63E8C-7EB7-43AC-A6B1-8CD18AC85769}.Release|Any CPU.ActiveCfg = Release|Any CPU
		{F5C63E8C-7EB7-43AC-A6B1-8CD18AC85769}.Release|Any CPU.Build.0 = Release|Any CPU
	EndGlobalSection
	GlobalSection(SolutionProperties) = preSolution
		HideSolutionNode = FALSE
	EndGlobalSection
	GlobalSection(ExtensibilityGlobals) = postSolution
		SolutionGuid = {7D7560B9-4164-4285-976D-6B2389F90D77}
	EndGlobalSection
EndGlobal
